
Microsoft Visual Studio Solution File, Format Version 12.00
Project("{FAE04EC0-301F-11D3-BF4B-00C04F79EFBC}") = "Fragment.Generic", "Fragment.Generic\Fragment.Generic.csproj", "{EA0D2A81-0631-410B-B0F8-76F3B3FD165B}"
EndProject
Global
	GlobalSection(SolutionConfigurationPlatforms) = preSolution
		Debug|Any CPU = Debug|Any CPU
		Release|Any CPU = Release|Any CPU
	EndGlobalSection
	GlobalSection(ProjectConfigurationPlatforms) = postSolution
		{EA0D2A81-0631-410B-B0F8-76F3B3FD165B}.Debug|Any CPU.ActiveCfg = Debug|Any CPU
		{EA0D2A81-0631-410B-B0F8-76F3B3FD165B}.Debug|Any CPU.Build.0 = Debug|Any CPU
		{EA0D2A81-0631-410B-B0F8-76F3B3FD165B}.Release|Any CPU.ActiveCfg = Release|Any CPU
		{EA0D2A81-0631-410B-B0F8-76F3B3FD165B}.Release|Any CPU.Build.0 = Release|Any CPU
	EndGlobalSection
EndGlobal
